
Microsoft Visual Studio Solution File, Format Version 12.00
# Visual Studio Version 16
VisualStudioVersion = 16.0.30523.141
MinimumVisualStudioVersion = 10.0.40219.1
Project("{FAE04EC0-301F-11D3-BF4B-00C04F79EFBC}") = "Mobilya Proje", "Mobilya Proje\Mobilya Proje.csproj", "{87470E05-0D10-48D5-AAD4-E1C597D94BE0}"
EndProject
Global
	GlobalSection(SolutionConfigurationPlatforms) = preSolution
		Debug|Any CPU = Debug|Any CPU
		Release|Any CPU = Release|Any CPU
	EndGlobalSection
	GlobalSection(ProjectConfigurationPlatforms) = postSolution
		{87470E05-0D10-48D5-AAD4-E1C597D94BE0}.Debug|Any CPU.ActiveCfg = Debug|Any CPU
		{87470E05-0D10-48D5-AAD4-E1C597D94BE0}.Debug|Any CPU.Build.0 = Debug|Any CPU
		{87470E05-0D10-48D5-AAD4-E1C597D94BE0}.Release|Any CPU.ActiveCfg = Release|Any CPU
		{87470E05-0D10-48D5-AAD4-E1C597D94BE0}.Release|Any CPU.Build.0 = Release|Any CPU
	EndGlobalSection
	GlobalSection(SolutionProperties) = preSolution
		HideSolutionNode = FALSE
	EndGlobalSection
	GlobalSection(ExtensibilityGlobals) = postSolution
		SolutionGuid = {E51BF750-1A26-4EAB-9CA5-864C0C732487}
	EndGlobalSection
EndGlobal
